
Microsoft Visual Studio Solution File, Format Version 12.00
# Visual Studio 15
VisualStudioVersion = 15.0.27703.2042
MinimumVisualStudioVersion = 10.0.40219.1
Project("{FAE04EC0-301F-11D3-BF4B-00C04F79EFBC}") = "RemoteDesktopServer", "RemoteDesktopServer\RemoteDesktopServer.csproj", "{FB89CCB4-2E40-4E48-90AE-56180996B459}"
EndProject
Global
	GlobalSection(SolutionConfigurationPlatforms) = preSolution
		Debug|Any CPU = Debug|Any CPU
		Release|Any CPU = Release|Any CPU
	EndGlobalSection
	GlobalSection(ProjectConfigurationPlatforms) = postSolution
		{FB89CCB4-2E40-4E48-90AE-56180996B459}.Debug|Any CPU.ActiveCfg = Debug|Any CPU
		{FB89CCB4-2E40-4E48-90AE-56180996B459}.Debug|Any CPU.Build.0 = Debug|Any CPU
		{FB89CCB4-2E40-4E48-90AE-56180996B459}.Release|Any CPU.ActiveCfg = Release|Any CPU
		{FB89CCB4-2E40-4E48-90AE-56180996B459}.Release|Any CPU.Build.0 = Release|Any CPU
	EndGlobalSection
	GlobalSection(SolutionProperties) = preSolution
		HideSolutionNode = FALSE
	EndGlobalSection
	GlobalSection(ExtensibilityGlobals) = postSolution
		SolutionGuid = {58E09012-A928-4D02-88DF-73FAD28B4769}
	EndGlobalSection
EndGlobal
